
Microsoft Visual Studio Solution File, Format Version 11.00
# Visual Studio 2010
Project("{8BC9CEB8-8B4A-11D0-8D11-00A0C91BC942}") = "start_detached", "start_detached.vcxproj", "{8E41C1ED-0572-402F-8344-69FF9A9689B4}"
EndProject
Global
	GlobalSection(SolutionConfigurationPlatforms) = preSolution
		Debug|Win32 = Debug|Win32
		Release|Win32 = Release|Win32
	EndGlobalSection
	GlobalSection(ProjectConfigurationPlatforms) = postSolution
		{8E41C1ED-0572-402F-8344-69FF9A9689B4}.Debug|Win32.ActiveCfg = Debug|Win32
		{8E41C1ED-0572-402F-8344-69FF9A9689B4}.Debug|Win32.Build.0 = Debug|Win32
		{8E41C1ED-0572-402F-8344-69FF9A9689B4}.Release|Win32.ActiveCfg = Release|Win32
		{8E41C1ED-0572-402F-8344-69FF9A9689B4}.Release|Win32.Build.0 = Release|Win32
	EndGlobalSection
	GlobalSection(SolutionProperties) = preSolution
		HideSolutionNode = FALSE
	EndGlobalSection
EndGlobal
